{
  "name": "consumer-test",
  "version": "1.0.0",
  "lockfileVersion": 3,
  "requires": true,
  "packages": {
    "": {
      "name": "consumer-test",
      "version": "1.0.0",
      "license": "ISC",
      "dependencies": {
        "advanced-patch-generator": "file:.."
      }
    },
    "..": {
      "version": "2.0.1",
      "license": "MIT",
      "dependencies": {
        "fs-extra": "^11.1.1"
      },
      "bin": {
        "advanced-patch-generator": "dist/index.js"
      },
      "devDependencies": {
        "@types/fs-extra": "^11.0.4",
        "@types/node": "^20.0.0",
        "@typescript-eslint/eslint-plugin": "^6.0.0",
        "@typescript-eslint/parser": "^6.0.0",
        "eslint": "^8.0.0",
        "jsdoc": "^4.0.0",
        "typescript": "^5.0.0"
      },
      "engines": {
        "node": ">=14.0.0"
      }
    },
    "node_modules/advanced-patch-generator": {
      "resolved": "..",
      "link": true
    }
  }
}
